{
  "nodes": {
    "lsfg-vk": {
      "flake": false,
      "locked": {
        "lastModified": 1754586429,
        "narHash": "sha256-4kEl+N2f4TSNw4QsRT4hFEN3zRREaeZdnD9ksG4uCPY=",
        "ref": "refs/heads/develop",
        "rev": "2f488a42efb1ab2188b04c41ee558c0989f5afed",
        "revCount": 266,
        "submodules": true,
        "type": "git",
        "url": "https://github.com/PancakeTAS/lsfg-vk.git"
      },
      "original": {
        "submodules": true,
        "type": "git",
        "url": "https://github.com/PancakeTAS/lsfg-vk.git"
      }
    },
    "nixpkgs": {
      "locked": {
        "lastModified": 1754498491,
        "narHash": "sha256-erbiH2agUTD0Z30xcVSFcDHzkRvkRXOQ3lb887bcVrs=",
        "owner": "NixOS",
        "repo": "nixpkgs",
        "rev": "c2ae88e026f9525daf89587f3cbee584b92b6134",
        "type": "github"
      },
      "original": {
        "owner": "NixOS",
        "ref": "nixos-unstable",
        "repo": "nixpkgs",
        "type": "github"
      }
    },
    "root": {
      "inputs": {
        "lsfg-vk": "lsfg-vk",
        "nixpkgs": "nixpkgs"
      }
    }
  },
  "root": "root",
  "version": 7
}
